
Microsoft Visual Studio Solution File, Format Version 12.00
Project("{FAE04EC0-301F-11D3-BF4B-00C04F79EFBC}") = "Mixtape", "Mixtape\Mixtape.csproj", "{8FE8E5CD-2A82-4BA5-96AA-692545D13493}"
EndProject
Project("{FAE04EC0-301F-11D3-BF4B-00C04F79EFBC}") = "Mixtape.Example", "Mixtape.Example\Mixtape.Example.csproj", "{52C4EBD0-2F82-4481-B8BA-398631162ABF}"
EndProject
Global
	GlobalSection(SolutionConfigurationPlatforms) = preSolution
		Debug|Any CPU = Debug|Any CPU
		Release|Any CPU = Release|Any CPU
	EndGlobalSection
	GlobalSection(ProjectConfigurationPlatforms) = postSolution
		{8FE8E5CD-2A82-4BA5-96AA-692545D13493}.Debug|Any CPU.ActiveCfg = Debug|Any CPU
		{8FE8E5CD-2A82-4BA5-96AA-692545D13493}.Debug|Any CPU.Build.0 = Debug|Any CPU
		{8FE8E5CD-2A82-4BA5-96AA-692545D13493}.Release|Any CPU.ActiveCfg = Release|Any CPU
		{8FE8E5CD-2A82-4BA5-96AA-692545D13493}.Release|Any CPU.Build.0 = Release|Any CPU
		{52C4EBD0-2F82-4481-B8BA-398631162ABF}.Debug|Any CPU.ActiveCfg = Debug|Any CPU
		{52C4EBD0-2F82-4481-B8BA-398631162ABF}.Debug|Any CPU.Build.0 = Debug|Any CPU
		{52C4EBD0-2F82-4481-B8BA-398631162ABF}.Release|Any CPU.ActiveCfg = Release|Any CPU
		{52C4EBD0-2F82-4481-B8BA-398631162ABF}.Release|Any CPU.Build.0 = Release|Any CPU
	EndGlobalSection
EndGlobal
